
Microsoft Visual Studio Solution File, Format Version 12.00
# Visual Studio Version 16
VisualStudioVersion = 16.0.30413.136
MinimumVisualStudioVersion = 10.0.40219.1
Project("{FAE04EC0-301F-11D3-BF4B-00C04F79EFBC}") = "BookStoreApp", "BookStoreApp\BookStoreApp.csproj", "{DED01F49-2E37-4D71-93EA-0C5BE665749A}"
EndProject
Global
	GlobalSection(SolutionConfigurationPlatforms) = preSolution
		Debug|Any CPU = Debug|Any CPU
		Release|Any CPU = Release|Any CPU
	EndGlobalSection
	GlobalSection(ProjectConfigurationPlatforms) = postSolution
		{DED01F49-2E37-4D71-93EA-0C5BE665749A}.Debug|Any CPU.ActiveCfg = Debug|Any CPU
		{DED01F49-2E37-4D71-93EA-0C5BE665749A}.Debug|Any CPU.Build.0 = Debug|Any CPU
		{DED01F49-2E37-4D71-93EA-0C5BE665749A}.Release|Any CPU.ActiveCfg = Release|Any CPU
		{DED01F49-2E37-4D71-93EA-0C5BE665749A}.Release|Any CPU.Build.0 = Release|Any CPU
	EndGlobalSection
	GlobalSection(SolutionProperties) = preSolution
		HideSolutionNode = FALSE
	EndGlobalSection
	GlobalSection(ExtensibilityGlobals) = postSolution
		SolutionGuid = {DAF887F4-E256-4225-B947-7B7A72C93106}
	EndGlobalSection
EndGlobal
